
Microsoft Visual Studio Solution File, Format Version 12.00
# Visual Studio Version 17
VisualStudioVersion = 17.14.36203.30 d17.14
MinimumVisualStudioVersion = 10.0.40219.1
Project("{FAE04EC0-301F-11D3-BF4B-00C04F79EFBC}") = "NNTMultiplayer", "NNTMultiplayer.csproj", "{83B87C3C-A3FC-4B89-AE0C-DDAB5CF14C22}"
EndProject
Global
	GlobalSection(SolutionConfigurationPlatforms) = preSolution
		Debug|Any CPU = Debug|Any CPU
		Release|Any CPU = Release|Any CPU
	EndGlobalSection
	GlobalSection(ProjectConfigurationPlatforms) = postSolution
		{83B87C3C-A3FC-4B89-AE0C-DDAB5CF14C22}.Debug|Any CPU.ActiveCfg = Debug|Any CPU
		{83B87C3C-A3FC-4B89-AE0C-DDAB5CF14C22}.Debug|Any CPU.Build.0 = Debug|Any CPU
		{83B87C3C-A3FC-4B89-AE0C-DDAB5CF14C22}.Release|Any CPU.ActiveCfg = Release|Any CPU
		{83B87C3C-A3FC-4B89-AE0C-DDAB5CF14C22}.Release|Any CPU.Build.0 = Release|Any CPU
	EndGlobalSection
	GlobalSection(SolutionProperties) = preSolution
		HideSolutionNode = FALSE
	EndGlobalSection
	GlobalSection(ExtensibilityGlobals) = postSolution
		SolutionGuid = {406D683D-BB0F-40FC-B460-D53B70B9FB93}
	EndGlobalSection
EndGlobal
